
Microsoft Visual Studio Solution File, Format Version 12.00
# Visual Studio 15
Project("{FAE04EC0-301F-11D3-BF4B-00C04F79EFBC}") = "Unity.RenderPipelines.Core.Runtime", "Unity.RenderPipelines.Core.Runtime.csproj", "{0E7AB43B-F954-6006-D300-A90786738F51}"
EndProject
Project("{FAE04EC0-301F-11D3-BF4B-00C04F79EFBC}") = "Unity.Polybrush", "Unity.Polybrush.csproj", "{804AF56E-D576-A584-8FF6-406BCA539694}"
EndProject
Project("{FAE04EC0-301F-11D3-BF4B-00C04F79EFBC}") = "Unity.RenderPipelines.Core.Runtime.Tests", "Unity.RenderPipelines.Core.Runtime.Tests.csproj", "{4D5DF940-064E-7C6E-6072-72D3069560A4}"
EndProject
Project("{FAE04EC0-301F-11D3-BF4B-00C04F79EFBC}") = "MagicaClothV2", "MagicaClothV2.csproj", "{C7F7FF70-3423-A7D4-FAEA-0EF53E5C2C36}"
EndProject
Project("{FAE04EC0-301F-11D3-BF4B-00C04F79EFBC}") = "Treeverse.Shader.ScriptExtenstion", "Treeverse.Shader.ScriptExtenstion.csproj", "{1A4A377C-75E0-B83E-9DB9-19B64E309BBC}"
EndProject
Project("{FAE04EC0-301F-11D3-BF4B-00C04F79EFBC}") = "Assembly-CSharp", "Assembly-CSharp.csproj", "{3F8B5438-7264-6897-BADD-4E71D9E095F4}"
EndProject
Project("{FAE04EC0-301F-11D3-BF4B-00C04F79EFBC}") = "Treeverse.Shader.Runtime", "Treeverse.Shader.Runtime.csproj", "{B710510B-082B-F5F5-EB0B-755374F5035E}"
EndProject
Project("{FAE04EC0-301F-11D3-BF4B-00C04F79EFBC}") = "Unity.RenderPipelines.Core.ShaderLibrary", "Unity.RenderPipelines.Core.ShaderLibrary.csproj", "{6FD4E61B-5BF5-13DE-DFEB-8D995C0AB570}"
EndProject
Project("{FAE04EC0-301F-11D3-BF4B-00C04F79EFBC}") = "Unity.Polybrush.Editor", "Unity.Polybrush.Editor.csproj", "{41716B36-2FDC-8528-CB2C-165595A2ED26}"
EndProject
Project("{FAE04EC0-301F-11D3-BF4B-00C04F79EFBC}") = "Unity.RenderPipelines.Core.Editor", "Unity.RenderPipelines.Core.Editor.csproj", "{F19CAB54-3407-BCB0-63B2-17C468E84CF0}"
EndProject
Project("{FAE04EC0-301F-11D3-BF4B-00C04F79EFBC}") = "MagicaClothV2.Editor", "MagicaClothV2.Editor.csproj", "{C4A55B0F-08E5-6A0D-4867-79FEFD83C8C9}"
EndProject
Project("{FAE04EC0-301F-11D3-BF4B-00C04F79EFBC}") = "Treeverse.Shader.Editor", "Treeverse.Shader.Editor.csproj", "{69A224C4-F1C8-332F-4FC7-8313B6301DB9}"
EndProject
Project("{FAE04EC0-301F-11D3-BF4B-00C04F79EFBC}") = "Unity.RenderPipelines.Core.Editor.Tests", "Unity.RenderPipelines.Core.Editor.Tests.csproj", "{7EF747FA-11C2-2108-C22E-26FB28471270}"
EndProject
Project("{FAE04EC0-301F-11D3-BF4B-00C04F79EFBC}") = "Treeverse.Shader.Editor.ShaderGUI", "Treeverse.Shader.Editor.ShaderGUI.csproj", "{28CFFE73-3E53-5878-21B4-91106B38AC23}"
EndProject
Global
	GlobalSection(SolutionConfigurationPlatforms) = preSolution
		Debug|Any CPU = Debug|Any CPU
		Release|Any CPU = Release|Any CPU
	EndGlobalSection
	GlobalSection(ProjectConfigurationPlatforms) = postSolution
		{0E7AB43B-F954-6006-D300-A90786738F51}.Debug|Any CPU.ActiveCfg = Debug|Any CPU
		{0E7AB43B-F954-6006-D300-A90786738F51}.Debug|Any CPU.Build.0 = Debug|Any CPU
		{0E7AB43B-F954-6006-D300-A90786738F51}.Release|Any CPU.ActiveCfg = Release|Any CPU
		{0E7AB43B-F954-6006-D300-A90786738F51}.Release|Any CPU.Build.0 = Release|Any CPU
		{804AF56E-D576-A584-8FF6-406BCA539694}.Debug|Any CPU.ActiveCfg = Debug|Any CPU
		{804AF56E-D576-A584-8FF6-406BCA539694}.Debug|Any CPU.Build.0 = Debug|Any CPU
		{804AF56E-D576-A584-8FF6-406BCA539694}.Release|Any CPU.ActiveCfg = Release|Any CPU
		{804AF56E-D576-A584-8FF6-406BCA539694}.Release|Any CPU.Build.0 = Release|Any CPU
		{4D5DF940-064E-7C6E-6072-72D3069560A4}.Debug|Any CPU.ActiveCfg = Debug|Any CPU
		{4D5DF940-064E-7C6E-6072-72D3069560A4}.Debug|Any CPU.Build.0 = Debug|Any CPU
		{4D5DF940-064E-7C6E-6072-72D3069560A4}.Release|Any CPU.ActiveCfg = Release|Any CPU
		{4D5DF940-064E-7C6E-6072-72D3069560A4}.Release|Any CPU.Build.0 = Release|Any CPU
		{C7F7FF70-3423-A7D4-FAEA-0EF53E5C2C36}.Debug|Any CPU.ActiveCfg = Debug|Any CPU
		{C7F7FF70-3423-A7D4-FAEA-0EF53E5C2C36}.Debug|Any CPU.Build.0 = Debug|Any CPU
		{C7F7FF70-3423-A7D4-FAEA-0EF53E5C2C36}.Release|Any CPU.ActiveCfg = Release|Any CPU
		{C7F7FF70-3423-A7D4-FAEA-0EF53E5C2C36}.Release|Any CPU.Build.0 = Release|Any CPU
		{1A4A377C-75E0-B83E-9DB9-19B64E309BBC}.Debug|Any CPU.ActiveCfg = Debug|Any CPU
		{1A4A377C-75E0-B83E-9DB9-19B64E309BBC}.Debug|Any CPU.Build.0 = Debug|Any CPU
		{1A4A377C-75E0-B83E-9DB9-19B64E309BBC}.Release|Any CPU.ActiveCfg = Release|Any CPU
		{1A4A377C-75E0-B83E-9DB9-19B64E309BBC}.Release|Any CPU.Build.0 = Release|Any CPU
		{3F8B5438-7264-6897-BADD-4E71D9E095F4}.Debug|Any CPU.ActiveCfg = Debug|Any CPU
		{3F8B5438-7264-6897-BADD-4E71D9E095F4}.Debug|Any CPU.Build.0 = Debug|Any CPU
		{3F8B5438-7264-6897-BADD-4E71D9E095F4}.Release|Any CPU.ActiveCfg = Release|Any CPU
		{3F8B5438-7264-6897-BADD-4E71D9E095F4}.Release|Any CPU.Build.0 = Release|Any CPU
		{B710510B-082B-F5F5-EB0B-755374F5035E}.Debug|Any CPU.ActiveCfg = Debug|Any CPU
		{B710510B-082B-F5F5-EB0B-755374F5035E}.Debug|Any CPU.Build.0 = Debug|Any CPU
		{B710510B-082B-F5F5-EB0B-755374F5035E}.Release|Any CPU.ActiveCfg = Release|Any CPU
		{B710510B-082B-F5F5-EB0B-755374F5035E}.Release|Any CPU.Build.0 = Release|Any CPU
		{6FD4E61B-5BF5-13DE-DFEB-8D995C0AB570}.Debug|Any CPU.ActiveCfg = Debug|Any CPU
		{6FD4E61B-5BF5-13DE-DFEB-8D995C0AB570}.Debug|Any CPU.Build.0 = Debug|Any CPU
		{6FD4E61B-5BF5-13DE-DFEB-8D995C0AB570}.Release|Any CPU.ActiveCfg = Release|Any CPU
		{6FD4E61B-5BF5-13DE-DFEB-8D995C0AB570}.Release|Any CPU.Build.0 = Release|Any CPU
		{41716B36-2FDC-8528-CB2C-165595A2ED26}.Debug|Any CPU.ActiveCfg = Debug|Any CPU
		{41716B36-2FDC-8528-CB2C-165595A2ED26}.Debug|Any CPU.Build.0 = Debug|Any CPU
		{41716B36-2FDC-8528-CB2C-165595A2ED26}.Release|Any CPU.ActiveCfg = Release|Any CPU
		{41716B36-2FDC-8528-CB2C-165595A2ED26}.Release|Any CPU.Build.0 = Release|Any CPU
		{F19CAB54-3407-BCB0-63B2-17C468E84CF0}.Debug|Any CPU.ActiveCfg = Debug|Any CPU
		{F19CAB54-3407-BCB0-63B2-17C468E84CF0}.Debug|Any CPU.Build.0 = Debug|Any CPU
		{F19CAB54-3407-BCB0-63B2-17C468E84CF0}.Release|Any CPU.ActiveCfg = Release|Any CPU
		{F19CAB54-3407-BCB0-63B2-17C468E84CF0}.Release|Any CPU.Build.0 = Release|Any CPU
		{C4A55B0F-08E5-6A0D-4867-79FEFD83C8C9}.Debug|Any CPU.ActiveCfg = Debug|Any CPU
		{C4A55B0F-08E5-6A0D-4867-79FEFD83C8C9}.Debug|Any CPU.Build.0 = Debug|Any CPU
		{C4A55B0F-08E5-6A0D-4867-79FEFD83C8C9}.Release|Any CPU.ActiveCfg = Release|Any CPU
		{C4A55B0F-08E5-6A0D-4867-79FEFD83C8C9}.Release|Any CPU.Build.0 = Release|Any CPU
		{69A224C4-F1C8-332F-4FC7-8313B6301DB9}.Debug|Any CPU.ActiveCfg = Debug|Any CPU
		{69A224C4-F1C8-332F-4FC7-8313B6301DB9}.Debug|Any CPU.Build.0 = Debug|Any CPU
		{69A224C4-F1C8-332F-4FC7-8313B6301DB9}.Release|Any CPU.ActiveCfg = Release|Any CPU
		{69A224C4-F1C8-332F-4FC7-8313B6301DB9}.Release|Any CPU.Build.0 = Release|Any CPU
		{7EF747FA-11C2-2108-C22E-26FB28471270}.Debug|Any CPU.ActiveCfg = Debug|Any CPU
		{7EF747FA-11C2-2108-C22E-26FB28471270}.Debug|Any CPU.Build.0 = Debug|Any CPU
		{7EF747FA-11C2-2108-C22E-26FB28471270}.Release|Any CPU.ActiveCfg = Release|Any CPU
		{7EF747FA-11C2-2108-C22E-26FB28471270}.Release|Any CPU.Build.0 = Release|Any CPU
		{28CFFE73-3E53-5878-21B4-91106B38AC23}.Debug|Any CPU.ActiveCfg = Debug|Any CPU
		{28CFFE73-3E53-5878-21B4-91106B38AC23}.Debug|Any CPU.Build.0 = Debug|Any CPU
		{28CFFE73-3E53-5878-21B4-91106B38AC23}.Release|Any CPU.ActiveCfg = Release|Any CPU
		{28CFFE73-3E53-5878-21B4-91106B38AC23}.Release|Any CPU.Build.0 = Release|Any CPU
	EndGlobalSection
	GlobalSection(SolutionProperties) = preSolution
		HideSolutionNode = FALSE
	EndGlobalSection
EndGlobal
