
Microsoft Visual Studio Solution File, Format Version 12.00
# Visual Studio 15
Project("{FAE04EC0-301F-11D3-BF4B-00C04F79EFBC}") = "Unity.RenderPipelines.Core.Runtime", "Unity.RenderPipelines.Core.Runtime.csproj", "{6A946C91-ED98-5986-81EE-9226F30113B0}"
EndProject
Project("{FAE04EC0-301F-11D3-BF4B-00C04F79EFBC}") = "Unity.Polybrush", "Unity.Polybrush.csproj", "{C0B68F39-43D0-6774-FB2C-2E6EDEB98EBD}"
EndProject
Project("{FAE04EC0-301F-11D3-BF4B-00C04F79EFBC}") = "Unity.RenderPipelines.Core.Runtime.Tests", "Unity.RenderPipelines.Core.Runtime.Tests.csproj", "{F0BE9155-3A11-EBA4-00C9-037ECBE7983F}"
EndProject
Project("{FAE04EC0-301F-11D3-BF4B-00C04F79EFBC}") = "MagicaClothV2", "MagicaClothV2.csproj", "{58ACF963-FED1-9A84-5BF6-58266B5087AF}"
EndProject
Project("{FAE04EC0-301F-11D3-BF4B-00C04F79EFBC}") = "Treeverse.Shader.ScriptExtenstion", "Treeverse.Shader.ScriptExtenstion.csproj", "{E0253B08-B8FF-E26A-04E8-BEA01BEF2B92}"
EndProject
Project("{FAE04EC0-301F-11D3-BF4B-00C04F79EFBC}") = "Assembly-CSharp", "Assembly-CSharp.csproj", "{21077CBF-3792-9598-2355-D85FB0819AF2}"
EndProject
Project("{FAE04EC0-301F-11D3-BF4B-00C04F79EFBC}") = "Treeverse.Shader.Runtime", "Treeverse.Shader.Runtime.csproj", "{C5CAF50E-B307-C449-485C-D822D6A98908}"
EndProject
Project("{FAE04EC0-301F-11D3-BF4B-00C04F79EFBC}") = "Unity.RenderPipelines.Core.ShaderLibrary", "Unity.RenderPipelines.Core.ShaderLibrary.csproj", "{AC762BB2-893A-4F7C-2570-61EC82FD210C}"
EndProject
Project("{FAE04EC0-301F-11D3-BF4B-00C04F79EFBC}") = "Unity.Polybrush.Editor", "Unity.Polybrush.Editor.csproj", "{4145F978-DE77-B715-1DA3-7584F08B1480}"
EndProject
Project("{FAE04EC0-301F-11D3-BF4B-00C04F79EFBC}") = "Unity.RenderPipelines.Core.Editor", "Unity.RenderPipelines.Core.Editor.csproj", "{F1AA3925-4092-5D01-A29F-666E0577E68F}"
EndProject
Project("{FAE04EC0-301F-11D3-BF4B-00C04F79EFBC}") = "MagicaClothV2.Editor", "MagicaClothV2.Editor.csproj", "{980A7761-2D70-67C9-DC85-AB712111D07E}"
EndProject
Project("{FAE04EC0-301F-11D3-BF4B-00C04F79EFBC}") = "Treeverse.Shader.Editor", "Treeverse.Shader.Editor.csproj", "{261CD472-57A1-97CA-9763-E5C90FC9532F}"
EndProject
Project("{FAE04EC0-301F-11D3-BF4B-00C04F79EFBC}") = "Unity.RenderPipelines.Core.Editor.Tests", "Unity.RenderPipelines.Core.Editor.Tests.csproj", "{E808A500-1030-989B-7F1C-66533041011E}"
EndProject
Project("{FAE04EC0-301F-11D3-BF4B-00C04F79EFBC}") = "Treeverse.Shader.Editor.ShaderGUI", "Treeverse.Shader.Editor.ShaderGUI.csproj", "{4DB6982E-CFF7-4128-2624-51E114299B46}"
EndProject
Global
	GlobalSection(SolutionConfigurationPlatforms) = preSolution
		Debug|Any CPU = Debug|Any CPU
		Release|Any CPU = Release|Any CPU
	EndGlobalSection
	GlobalSection(ProjectConfigurationPlatforms) = postSolution
		{6A946C91-ED98-5986-81EE-9226F30113B0}.Debug|Any CPU.ActiveCfg = Debug|Any CPU
		{6A946C91-ED98-5986-81EE-9226F30113B0}.Debug|Any CPU.Build.0 = Debug|Any CPU
		{6A946C91-ED98-5986-81EE-9226F30113B0}.Release|Any CPU.ActiveCfg = Release|Any CPU
		{6A946C91-ED98-5986-81EE-9226F30113B0}.Release|Any CPU.Build.0 = Release|Any CPU
		{C0B68F39-43D0-6774-FB2C-2E6EDEB98EBD}.Debug|Any CPU.ActiveCfg = Debug|Any CPU
		{C0B68F39-43D0-6774-FB2C-2E6EDEB98EBD}.Debug|Any CPU.Build.0 = Debug|Any CPU
		{C0B68F39-43D0-6774-FB2C-2E6EDEB98EBD}.Release|Any CPU.ActiveCfg = Release|Any CPU
		{C0B68F39-43D0-6774-FB2C-2E6EDEB98EBD}.Release|Any CPU.Build.0 = Release|Any CPU
		{F0BE9155-3A11-EBA4-00C9-037ECBE7983F}.Debug|Any CPU.ActiveCfg = Debug|Any CPU
		{F0BE9155-3A11-EBA4-00C9-037ECBE7983F}.Debug|Any CPU.Build.0 = Debug|Any CPU
		{F0BE9155-3A11-EBA4-00C9-037ECBE7983F}.Release|Any CPU.ActiveCfg = Release|Any CPU
		{F0BE9155-3A11-EBA4-00C9-037ECBE7983F}.Release|Any CPU.Build.0 = Release|Any CPU
		{58ACF963-FED1-9A84-5BF6-58266B5087AF}.Debug|Any CPU.ActiveCfg = Debug|Any CPU
		{58ACF963-FED1-9A84-5BF6-58266B5087AF}.Debug|Any CPU.Build.0 = Debug|Any CPU
		{58ACF963-FED1-9A84-5BF6-58266B5087AF}.Release|Any CPU.ActiveCfg = Release|Any CPU
		{58ACF963-FED1-9A84-5BF6-58266B5087AF}.Release|Any CPU.Build.0 = Release|Any CPU
		{E0253B08-B8FF-E26A-04E8-BEA01BEF2B92}.Debug|Any CPU.ActiveCfg = Debug|Any CPU
		{E0253B08-B8FF-E26A-04E8-BEA01BEF2B92}.Debug|Any CPU.Build.0 = Debug|Any CPU
		{E0253B08-B8FF-E26A-04E8-BEA01BEF2B92}.Release|Any CPU.ActiveCfg = Release|Any CPU
		{E0253B08-B8FF-E26A-04E8-BEA01BEF2B92}.Release|Any CPU.Build.0 = Release|Any CPU
		{21077CBF-3792-9598-2355-D85FB0819AF2}.Debug|Any CPU.ActiveCfg = Debug|Any CPU
		{21077CBF-3792-9598-2355-D85FB0819AF2}.Debug|Any CPU.Build.0 = Debug|Any CPU
		{21077CBF-3792-9598-2355-D85FB0819AF2}.Release|Any CPU.ActiveCfg = Release|Any CPU
		{21077CBF-3792-9598-2355-D85FB0819AF2}.Release|Any CPU.Build.0 = Release|Any CPU
		{C5CAF50E-B307-C449-485C-D822D6A98908}.Debug|Any CPU.ActiveCfg = Debug|Any CPU
		{C5CAF50E-B307-C449-485C-D822D6A98908}.Debug|Any CPU.Build.0 = Debug|Any CPU
		{C5CAF50E-B307-C449-485C-D822D6A98908}.Release|Any CPU.ActiveCfg = Release|Any CPU
		{C5CAF50E-B307-C449-485C-D822D6A98908}.Release|Any CPU.Build.0 = Release|Any CPU
		{AC762BB2-893A-4F7C-2570-61EC82FD210C}.Debug|Any CPU.ActiveCfg = Debug|Any CPU
		{AC762BB2-893A-4F7C-2570-61EC82FD210C}.Debug|Any CPU.Build.0 = Debug|Any CPU
		{AC762BB2-893A-4F7C-2570-61EC82FD210C}.Release|Any CPU.ActiveCfg = Release|Any CPU
		{AC762BB2-893A-4F7C-2570-61EC82FD210C}.Release|Any CPU.Build.0 = Release|Any CPU
		{4145F978-DE77-B715-1DA3-7584F08B1480}.Debug|Any CPU.ActiveCfg = Debug|Any CPU
		{4145F978-DE77-B715-1DA3-7584F08B1480}.Debug|Any CPU.Build.0 = Debug|Any CPU
		{4145F978-DE77-B715-1DA3-7584F08B1480}.Release|Any CPU.ActiveCfg = Release|Any CPU
		{4145F978-DE77-B715-1DA3-7584F08B1480}.Release|Any CPU.Build.0 = Release|Any CPU
		{F1AA3925-4092-5D01-A29F-666E0577E68F}.Debug|Any CPU.ActiveCfg = Debug|Any CPU
		{F1AA3925-4092-5D01-A29F-666E0577E68F}.Debug|Any CPU.Build.0 = Debug|Any CPU
		{F1AA3925-4092-5D01-A29F-666E0577E68F}.Release|Any CPU.ActiveCfg = Release|Any CPU
		{F1AA3925-4092-5D01-A29F-666E0577E68F}.Release|Any CPU.Build.0 = Release|Any CPU
		{980A7761-2D70-67C9-DC85-AB712111D07E}.Debug|Any CPU.ActiveCfg = Debug|Any CPU
		{980A7761-2D70-67C9-DC85-AB712111D07E}.Debug|Any CPU.Build.0 = Debug|Any CPU
		{980A7761-2D70-67C9-DC85-AB712111D07E}.Release|Any CPU.ActiveCfg = Release|Any CPU
		{980A7761-2D70-67C9-DC85-AB712111D07E}.Release|Any CPU.Build.0 = Release|Any CPU
		{261CD472-57A1-97CA-9763-E5C90FC9532F}.Debug|Any CPU.ActiveCfg = Debug|Any CPU
		{261CD472-57A1-97CA-9763-E5C90FC9532F}.Debug|Any CPU.Build.0 = Debug|Any CPU
		{261CD472-57A1-97CA-9763-E5C90FC9532F}.Release|Any CPU.ActiveCfg = Release|Any CPU
		{261CD472-57A1-97CA-9763-E5C90FC9532F}.Release|Any CPU.Build.0 = Release|Any CPU
		{E808A500-1030-989B-7F1C-66533041011E}.Debug|Any CPU.ActiveCfg = Debug|Any CPU
		{E808A500-1030-989B-7F1C-66533041011E}.Debug|Any CPU.Build.0 = Debug|Any CPU
		{E808A500-1030-989B-7F1C-66533041011E}.Release|Any CPU.ActiveCfg = Release|Any CPU
		{E808A500-1030-989B-7F1C-66533041011E}.Release|Any CPU.Build.0 = Release|Any CPU
		{4DB6982E-CFF7-4128-2624-51E114299B46}.Debug|Any CPU.ActiveCfg = Debug|Any CPU
		{4DB6982E-CFF7-4128-2624-51E114299B46}.Debug|Any CPU.Build.0 = Debug|Any CPU
		{4DB6982E-CFF7-4128-2624-51E114299B46}.Release|Any CPU.ActiveCfg = Release|Any CPU
		{4DB6982E-CFF7-4128-2624-51E114299B46}.Release|Any CPU.Build.0 = Release|Any CPU
	EndGlobalSection
	GlobalSection(SolutionProperties) = preSolution
		HideSolutionNode = FALSE
	EndGlobalSection
EndGlobal
